// !$*UTF8*$!
{
	archiveVersion = 1;
	classes = {
	};
	objectVersion = 54;
	objects = {

/* Begin PBXBuildFile section */
		4FD0C5DF2765865B86F9717D /* libPods-TrackServer.a in Frameworks */ = {isa = PBXBuildFile; fileRef = BD62F0EC3957542427AEF017 /* libPods-TrackServer.a */; };
		8334484822229CD900D0D52D /* main.m in Sources */ = {isa = PBXBuildFile; fileRef = 8334484722229CD900D0D52D /* main.m */; };
		833448502222A35B00D0D52D /* TrackWatcher.m in Sources */ = {isa = PBXBuildFile; fileRef = 8334484F2222A35B00D0D52D /* TrackWatcher.m */; };
		833448532222E97200D0D52D /* ScriptingBridge.framework in Frameworks */ = {isa = PBXBuildFile; fileRef = 833448522222E97200D0D52D /* ScriptingBridge.framework */; };
/* End PBXBuildFile section */

/* Begin PBXCopyFilesBuildPhase section */
		8334484222229CD900D0D52D /* CopyFiles */ = {
			isa = PBXCopyFilesBuildPhase;
			buildActionMask = 2147483647;
			dstPath = /usr/share/man/man1/;
			dstSubfolderSpec = 0;
			files = (
			);
			runOnlyForDeploymentPostprocessing = 1;
		};
/* End PBXCopyFilesBuildPhase section */

/* Begin PBXFileReference section */
		279ECBDA0AE586E72927B823 /* Pods-TrackServer.release.xcconfig */ = {isa = PBXFileReference; includeInIndex = 1; lastKnownFileType = text.xcconfig; name = "Pods-TrackServer.release.xcconfig"; path = "Pods/Target Support Files/Pods-TrackServer/Pods-TrackServer.release.xcconfig"; sourceTree = "<group>"; };
		8334484422229CD900D0D52D /* TrackServer */ = {isa = PBXFileReference; explicitFileType = "compiled.mach-o.executable"; includeInIndex = 0; path = TrackServer; sourceTree = BUILT_PRODUCTS_DIR; };
		8334484722229CD900D0D52D /* main.m */ = {isa = PBXFileReference; lastKnownFileType = sourcecode.c.objc; path = main.m; sourceTree = "<group>"; };
		8334484E2222A35B00D0D52D /* TrackWatcher.h */ = {isa = PBXFileReference; lastKnownFileType = sourcecode.c.h; path = TrackWatcher.h; sourceTree = "<group>"; };
		8334484F2222A35B00D0D52D /* TrackWatcher.m */ = {isa = PBXFileReference; lastKnownFileType = sourcecode.c.objc; path = TrackWatcher.m; sourceTree = "<group>"; };
		833448522222E97200D0D52D /* ScriptingBridge.framework */ = {isa = PBXFileReference; lastKnownFileType = wrapper.framework; name = ScriptingBridge.framework; path = System/Library/Frameworks/ScriptingBridge.framework; sourceTree = SDKROOT; };
		BD62F0EC3957542427AEF017 /* libPods-TrackServer.a */ = {isa = PBXFileReference; explicitFileType = archive.ar; includeInIndex = 0; path = "libPods-TrackServer.a"; sourceTree = BUILT_PRODUCTS_DIR; };
		C2B684230859FAB0FAD57898 /* Pods-TrackServer.debug.xcconfig */ = {isa = PBXFileReference; includeInIndex = 1; lastKnownFileType = text.xcconfig; name = "Pods-TrackServer.debug.xcconfig"; path = "Pods/Target Support Files/Pods-TrackServer/Pods-TrackServer.debug.xcconfig"; sourceTree = "<group>"; };
/* End PBXFileReference section */

/* Begin PBXFrameworksBuildPhase section */
		8334484122229CD900D0D52D /* Frameworks */ = {
			isa = PBXFrameworksBuildPhase;
			buildActionMask = 2147483647;
			files = (
				833448532222E97200D0D52D /* ScriptingBridge.framework in Frameworks */,
				4FD0C5DF2765865B86F9717D /* libPods-TrackServer.a in Frameworks */,
			);
			runOnlyForDeploymentPostprocessing = 0;
		};
/* End PBXFrameworksBuildPhase section */

/* Begin PBXGroup section */
		790F20B060883C80F59C4E31 /* Pods */ = {
			isa = PBXGroup;
			children = (
				C2B684230859FAB0FAD57898 /* Pods-TrackServer.debug.xcconfig */,
				279ECBDA0AE586E72927B823 /* Pods-TrackServer.release.xcconfig */,
			);
			name = Pods;
			sourceTree = "<group>";
		};
		8334483B22229CD900D0D52D = {
			isa = PBXGroup;
			children = (
				8334484622229CD900D0D52D /* TrackServer */,
				8334484522229CD900D0D52D /* Products */,
				790F20B060883C80F59C4E31 /* Pods */,
				D6C1E1137C3753E1E800224E /* Frameworks */,
			);
			sourceTree = "<group>";
		};
		8334484522229CD900D0D52D /* Products */ = {
			isa = PBXGroup;
			children = (
				8334484422229CD900D0D52D /* TrackServer */,
			);
			name = Products;
			sourceTree = "<group>";
		};
		8334484622229CD900D0D52D /* TrackServer */ = {
			isa = PBXGroup;
			children = (
				8334484722229CD900D0D52D /* main.m */,
				8334484E2222A35B00D0D52D /* TrackWatcher.h */,
				8334484F2222A35B00D0D52D /* TrackWatcher.m */,
			);
			path = TrackServer;
			sourceTree = "<group>";
		};
		D6C1E1137C3753E1E800224E /* Frameworks */ = {
			isa = PBXGroup;
			children = (
				833448522222E97200D0D52D /* ScriptingBridge.framework */,
				BD62F0EC3957542427AEF017 /* libPods-TrackServer.a */,
			);
			name = Frameworks;
			sourceTree = "<group>";
		};
/* End PBXGroup section */

/* Begin PBXNativeTarget section */
		8334484322229CD900D0D52D /* TrackServer */ = {
			isa = PBXNativeTarget;
			buildConfigurationList = 8334484B22229CD900D0D52D /* Build configuration list for PBXNativeTarget "TrackServer" */;
			buildPhases = (
				7DAFA1A0D4ABA9B016C0D73A /* [CP] Check Pods Manifest.lock */,
				8334484022229CD900D0D52D /* Sources */,
				8334484122229CD900D0D52D /* Frameworks */,
				8334484222229CD900D0D52D /* CopyFiles */,
				B44D42C7366DF9DA6574A034 /* [CP] Copy Pods Resources */,
			);
			buildRules = (
			);
			dependencies = (
			);
			name = TrackServer;
			productName = TrackServer;
			productReference = 8334484422229CD900D0D52D /* TrackServer */;
			productType = "com.apple.product-type.tool";
		};
/* End PBXNativeTarget section */

/* Begin PBXProject section */
		8334483C22229CD900D0D52D /* Project object */ = {
			isa = PBXProject;
			attributes = {
				LastUpgradeCheck = 1010;
				ORGANIZATIONNAME = "Chris Cormack";
				TargetAttributes = {
					8334484322229CD900D0D52D = {
						CreatedOnToolsVersion = 10.1;
					};
				};
			};
			buildConfigurationList = 8334483F22229CD900D0D52D /* Build configuration list for PBXProject "TrackServer" */;
			compatibilityVersion = "Xcode 9.3";
			developmentRegion = en;
			hasScannedForEncodings = 0;
			knownRegions = (
				en,
			);
			mainGroup = 8334483B22229CD900D0D52D;
			productRefGroup = 8334484522229CD900D0D52D /* Products */;
			projectDirPath = "";
			projectRoot = "";
			targets = (
				8334484322229CD900D0D52D /* TrackServer */,
			);
		};
/* End PBXProject section */

/* Begin PBXShellScriptBuildPhase section */
		7DAFA1A0D4ABA9B016C0D73A /* [CP] Check Pods Manifest.lock */ = {
			isa = PBXShellScriptBuildPhase;
			buildActionMask = 2147483647;
			files = (
			);
			inputPaths = (
				"${PODS_PODFILE_DIR_PATH}/Podfile.lock",
				"${PODS_ROOT}/Manifest.lock",
			);
			name = "[CP] Check Pods Manifest.lock";
			outputPaths = (
				"$(DERIVED_FILE_DIR)/Pods-TrackServer-checkManifestLockResult.txt",
			);
			runOnlyForDeploymentPostprocessing = 0;
			shellPath = /bin/sh;
			shellScript = "diff \"${PODS_PODFILE_DIR_PATH}/Podfile.lock\" \"${PODS_ROOT}/Manifest.lock\" > /dev/null\nif [ $? != 0 ] ; then\n    # print error to STDERR\n    echo \"error: The sandbox is not in sync with the Podfile.lock. Run 'pod install' or update your CocoaPods installation.\" >&2\n    exit 1\nfi\n# This output is used by Xcode 'outputs' to avoid re-running this script phase.\necho \"SUCCESS\" > \"${SCRIPT_OUTPUT_FILE_0}\"\n";
			showEnvVarsInLog = 0;
		};
		B44D42C7366DF9DA6574A034 /* [CP] Copy Pods Resources */ = {
			isa = PBXShellScriptBuildPhase;
			buildActionMask = 2147483647;
			files = (
			);
			inputFileListPaths = (
				"${PODS_ROOT}/Target Support Files/Pods-TrackServer/Pods-TrackServer-resources-${CONFIGURATION}-input-files.xcfilelist",
			);
			name = "[CP] Copy Pods Resources";
			outputFileListPaths = (
				"${PODS_ROOT}/Target Support Files/Pods-TrackServer/Pods-TrackServer-resources-${CONFIGURATION}-output-files.xcfilelist",
			);
			runOnlyForDeploymentPostprocessing = 0;
			shellPath = /bin/sh;
			shellScript = "\"${PODS_ROOT}/Target Support Files/Pods-TrackServer/Pods-TrackServer-resources.sh\"\n";
			showEnvVarsInLog = 0;
		};
/* End PBXShellScriptBuildPhase section */

/* Begin PBXSourcesBuildPhase section */
		8334484022229CD900D0D52D /* Sources */ = {
			isa = PBXSourcesBuildPhase;
			buildActionMask = 2147483647;
			files = (
				833448502222A35B00D0D52D /* TrackWatcher.m in Sources */,
				8334484822229CD900D0D52D /* main.m in Sources */,
			);
			runOnlyForDeploymentPostprocessing = 0;
		};
/* End PBXSourcesBuildPhase section */

/* Begin XCBuildConfiguration section */
		8334484922229CD900D0D52D /* Debug */ = {
			isa = XCBuildConfiguration;
			buildSettings = {
				ALWAYS_SEARCH_USER_PATHS = NO;
				CLANG_ANALYZER_NONNULL = YES;
				CLANG_ANALYZER_NUMBER_OBJECT_CONVERSION = YES_AGGRESSIVE;
				CLANG_CXX_LANGUAGE_STANDARD = "gnu++14";
				CLANG_CXX_LIBRARY = "libc++";
				CLANG_ENABLE_MODULES = YES;
				CLANG_ENABLE_OBJC_ARC = YES;
				CLANG_ENABLE_OBJC_WEAK = YES;
				CLANG_WARN_BLOCK_CAPTURE_AUTORELEASING = YES;
				CLANG_WARN_BOOL_CONVERSION = YES;
				CLANG_WARN_COMMA = YES;
				CLANG_WARN_CONSTANT_CONVERSION = YES;
				CLANG_WARN_DEPRECATED_OBJC_IMPLEMENTATIONS = YES;
				CLANG_WARN_DIRECT_OBJC_ISA_USAGE = YES_ERROR;
				CLANG_WARN_DOCUMENTATION_COMMENTS = YES;
				CLANG_WARN_EMPTY_BODY = YES;
				CLANG_WARN_ENUM_CONVERSION = YES;
				CLANG_WARN_INFINITE_RECURSION = YES;
				CLANG_WARN_INT_CONVERSION = YES;
				CLANG_WARN_NON_LITERAL_NULL_CONVERSION = YES;
				CLANG_WARN_OBJC_IMPLICIT_RETAIN_SELF = YES;
				CLANG_WARN_OBJC_LITERAL_CONVERSION = YES;
				CLANG_WARN_OBJC_ROOT_CLASS = YES_ERROR;
				CLANG_WARN_RANGE_LOOP_ANALYSIS = YES;
				CLANG_WARN_STRICT_PROTOTYPES = YES;
				CLANG_WARN_SUSPICIOUS_MOVE = YES;
				CLANG_WARN_UNGUARDED_AVAILABILITY = YES_AGGRESSIVE;
				CLANG_WARN_UNREACHABLE_CODE = YES;
				CLANG_WARN__DUPLICATE_METHOD_MATCH = YES;
				CODE_SIGN_IDENTITY = "Mac Developer";
				COPY_PHASE_STRIP = NO;
				DEBUG_INFORMATION_FORMAT = dwarf;
				ENABLE_STRICT_OBJC_MSGSEND = YES;
				ENABLE_TESTABILITY = YES;
				GCC_C_LANGUAGE_STANDARD = gnu11;
				GCC_DYNAMIC_NO_PIC = NO;
				GCC_NO_COMMON_BLOCKS = YES;
				GCC_OPTIMIZATION_LEVEL = 0;
				GCC_PREPROCESSOR_DEFINITIONS = (
					"DEBUG=1",
					"$(inherited)",
				);
				GCC_WARN_64_TO_32_BIT_CONVERSION = YES;
				GCC_WARN_ABOUT_RETURN_TYPE = YES_ERROR;
				GCC_WARN_UNDECLARED_SELECTOR = YES;
				GCC_WARN_UNINITIALIZED_AUTOS = YES_AGGRESSIVE;
				GCC_WARN_UNUSED_FUNCTION = YES;
				GCC_WARN_UNUSED_VARIABLE = YES;
				MACOSX_DEPLOYMENT_TARGET = 10.14;
				MTL_ENABLE_DEBUG_INFO = INCLUDE_SOURCE;
				MTL_FAST_MATH = YES;
				ONLY_ACTIVE_ARCH = YES;
				SDKROOT = macosx;
			};
			name = Debug;
		};
		8334484A22229CD900D0D52D /* Release */ = {
			isa = XCBuildConfiguration;
			buildSettings = {
				ALWAYS_SEARCH_USER_PATHS = NO;
				CLANG_ANALYZER_NONNULL = YES;
				CLANG_ANALYZER_NUMBER_OBJECT_CONVERSION = YES_AGGRESSIVE;
				CLANG_CXX_LANGUAGE_STANDARD = "gnu++14";
				CLANG_CXX_LIBRARY = "libc++";
				CLANG_ENABLE_MODULES = YES;
				CLANG_ENABLE_OBJC_ARC = YES;
				CLANG_ENABLE_OBJC_WEAK = YES;
				CLANG_WARN_BLOCK_CAPTURE_AUTORELEASING = YES;
				CLANG_WARN_BOOL_CONVERSION = YES;
				CLANG_WARN_COMMA = YES;
				CLANG_WARN_CONSTANT_CONVERSION = YES;
				CLANG_WARN_DEPRECATED_OBJC_IMPLEMENTATIONS = YES;
				CLANG_WARN_DIRECT_OBJC_ISA_USAGE = YES_ERROR;
				CLANG_WARN_DOCUMENTATION_COMMENTS = YES;
				CLANG_WARN_EMPTY_BODY = YES;
				CLANG_WARN_ENUM_CONVERSION = YES;
				CLANG_WARN_INFINITE_RECURSION = YES;
				CLANG_WARN_INT_CONVERSION = YES;
				CLANG_WARN_NON_LITERAL_NULL_CONVERSION = YES;
				CLANG_WARN_OBJC_IMPLICIT_RETAIN_SELF = YES;
				CLANG_WARN_OBJC_LITERAL_CONVERSION = YES;
				CLANG_WARN_OBJC_ROOT_CLASS = YES_ERROR;
				CLANG_WARN_RANGE_LOOP_ANALYSIS = YES;
				CLANG_WARN_STRICT_PROTOTYPES = YES;
				CLANG_WARN_SUSPICIOUS_MOVE = YES;
				CLANG_WARN_UNGUARDED_AVAILABILITY = YES_AGGRESSIVE;
				CLANG_WARN_UNREACHABLE_CODE = YES;
				CLANG_WARN__DUPLICATE_METHOD_MATCH = YES;
				CODE_SIGN_IDENTITY = "Mac Developer";
				COPY_PHASE_STRIP = NO;
				DEBUG_INFORMATION_FORMAT = "dwarf-with-dsym";
				ENABLE_NS_ASSERTIONS = NO;
				ENABLE_STRICT_OBJC_MSGSEND = YES;
				GCC_C_LANGUAGE_STANDARD = gnu11;
				GCC_NO_COMMON_BLOCKS = YES;
				GCC_WARN_64_TO_32_BIT_CONVERSION = YES;
				GCC_WARN_ABOUT_RETURN_TYPE = YES_ERROR;
				GCC_WARN_UNDECLARED_SELECTOR = YES;
				GCC_WARN_UNINITIALIZED_AUTOS = YES_AGGRESSIVE;
				GCC_WARN_UNUSED_FUNCTION = YES;
				GCC_WARN_UNUSED_VARIABLE = YES;
				MACOSX_DEPLOYMENT_TARGET = 10.14;
				MTL_ENABLE_DEBUG_INFO = NO;
				MTL_FAST_MATH = YES;
				SDKROOT = macosx;
			};
			name = Release;
		};
		8334484C22229CD900D0D52D /* Debug */ = {
			isa = XCBuildConfiguration;
			baseConfigurationReference = C2B684230859FAB0FAD57898 /* Pods-TrackServer.debug.xcconfig */;
			buildSettings = {
				CODE_SIGN_IDENTITY = "Mac Developer";
				CODE_SIGN_STYLE = Automatic;
				DEVELOPMENT_TEAM = C4H8HR25Y6;
				PRODUCT_NAME = "$(TARGET_NAME)";
				PROVISIONING_PROFILE_SPECIFIER = "";
			};
			name = Debug;
		};
		8334484D22229CD900D0D52D /* Release */ = {
			isa = XCBuildConfiguration;
			baseConfigurationReference = 279ECBDA0AE586E72927B823 /* Pods-TrackServer.release.xcconfig */;
			buildSettings = {
				CODE_SIGN_IDENTITY = "Mac Developer";
				CODE_SIGN_STYLE = Automatic;
				DEVELOPMENT_TEAM = C4H8HR25Y6;
				PRODUCT_NAME = "$(TARGET_NAME)";
				PROVISIONING_PROFILE_SPECIFIER = "";
			};
			name = Release;
		};
/* End XCBuildConfiguration section */

/* Begin XCConfigurationList section */
		8334483F22229CD900D0D52D /* Build configuration list for PBXProject "TrackServer" */ = {
			isa = XCConfigurationList;
			buildConfigurations = (
				8334484922229CD900D0D52D /* Debug */,
				8334484A22229CD900D0D52D /* Release */,
			);
			defaultConfigurationIsVisible = 0;
			defaultConfigurationName = Release;
		};
		8334484B22229CD900D0D52D /* Build configuration list for PBXNativeTarget "TrackServer" */ = {
			isa = XCConfigurationList;
			buildConfigurations = (
				8334484C22229CD900D0D52D /* Debug */,
				8334484D22229CD900D0D52D /* Release */,
			);
			defaultConfigurationIsVisible = 0;
			defaultConfigurationName = Release;
		};
/* End XCConfigurationList section */
	};
	rootObject = 8334483C22229CD900D0D52D /* Project object */;
}
